
Microsoft Visual Studio Solution File, Format Version 12.00
# Visual Studio Version 16
VisualStudioVersion = 25.0.1705.0
MinimumVisualStudioVersion = 10.0.40219.1
Project("{FAE04EC0-301F-11D3-BF4B-00C04F79EFBC}") = "DEV.UI.Site", "DEV.UI.Site\DEV.UI.Site.csproj", "{A0364EA9-512A-4C9F-8854-FB3F8DFC0E97}"
EndProject
Global
	GlobalSection(SolutionConfigurationPlatforms) = preSolution
		Debug|Any CPU = Debug|Any CPU
		Release|Any CPU = Release|Any CPU
	EndGlobalSection
	GlobalSection(ProjectConfigurationPlatforms) = postSolution
		{A0364EA9-512A-4C9F-8854-FB3F8DFC0E97}.Debug|Any CPU.ActiveCfg = Debug|Any CPU
		{A0364EA9-512A-4C9F-8854-FB3F8DFC0E97}.Debug|Any CPU.Build.0 = Debug|Any CPU
		{A0364EA9-512A-4C9F-8854-FB3F8DFC0E97}.Release|Any CPU.ActiveCfg = Release|Any CPU
		{A0364EA9-512A-4C9F-8854-FB3F8DFC0E97}.Release|Any CPU.Build.0 = Release|Any CPU
	EndGlobalSection
	GlobalSection(SolutionProperties) = preSolution
		HideSolutionNode = FALSE
	EndGlobalSection
	GlobalSection(ExtensibilityGlobals) = postSolution
		SolutionGuid = {B0D0A015-C8DA-4146-993E-BF6057E02DB8}
	EndGlobalSection
EndGlobal
